
Microsoft Visual Studio Solution File, Format Version 12.00
# Visual Studio Version 17
VisualStudioVersion = 17.8.34525.116
MinimumVisualStudioVersion = 10.0.40219.1
Project("{FAE04EC0-301F-11D3-BF4B-00C04F79EFBC}") = "HybridConnectionConsumer", "HybridConnectionConsumer\HybridConnectionConsumer.csproj", "{AA7BDCA4-6625-41B0-A8B5-38ED356C1C18}"
EndProject
Project("{FAE04EC0-301F-11D3-BF4B-00C04F79EFBC}") = "EventGridPublisher", "EventGridPublisher\EventGridPublisher.csproj", "{84B11C0A-0FD5-4E3A-8C02-C188C7EF672C}"
EndProject
Global
	GlobalSection(SolutionConfigurationPlatforms) = preSolution
		Debug|Any CPU = Debug|Any CPU
		Release|Any CPU = Release|Any CPU
	EndGlobalSection
	GlobalSection(ProjectConfigurationPlatforms) = postSolution
		{AA7BDCA4-6625-41B0-A8B5-38ED356C1C18}.Debug|Any CPU.ActiveCfg = Debug|Any CPU
		{AA7BDCA4-6625-41B0-A8B5-38ED356C1C18}.Debug|Any CPU.Build.0 = Debug|Any CPU
		{AA7BDCA4-6625-41B0-A8B5-38ED356C1C18}.Release|Any CPU.ActiveCfg = Release|Any CPU
		{AA7BDCA4-6625-41B0-A8B5-38ED356C1C18}.Release|Any CPU.Build.0 = Release|Any CPU
		{84B11C0A-0FD5-4E3A-8C02-C188C7EF672C}.Debug|Any CPU.ActiveCfg = Debug|Any CPU
		{84B11C0A-0FD5-4E3A-8C02-C188C7EF672C}.Debug|Any CPU.Build.0 = Debug|Any CPU
		{84B11C0A-0FD5-4E3A-8C02-C188C7EF672C}.Release|Any CPU.ActiveCfg = Release|Any CPU
		{84B11C0A-0FD5-4E3A-8C02-C188C7EF672C}.Release|Any CPU.Build.0 = Release|Any CPU
	EndGlobalSection
	GlobalSection(SolutionProperties) = preSolution
		HideSolutionNode = FALSE
	EndGlobalSection
	GlobalSection(ExtensibilityGlobals) = postSolution
		SolutionGuid = {E95BC2BE-2459-47D1-B95E-466DC867C12A}
	EndGlobalSection
EndGlobal
